
Microsoft Visual Studio Solution File, Format Version 12.00
# Visual Studio 15
Project("{FAE04EC0-301F-11D3-BF4B-00C04F79EFBC}") = "Minatoa2019.1", "Assembly-CSharp-firstpass.csproj", "{C40B3B2A-6DE6-AD0B-4F15-53894F9DD511}"
EndProject
Project("{FAE04EC0-301F-11D3-BF4B-00C04F79EFBC}") = "Minatoa2019.1", "Assembly-CSharp.csproj", "{13912833-38FC-741B-58E5-9330A2E904CB}"
EndProject
Project("{FAE04EC0-301F-11D3-BF4B-00C04F79EFBC}") = "Minatoa2019.1", "Assembly-CSharp-Editor-firstpass.csproj", "{8F781D62-0B65-B3DC-5DB9-3E05536F0582}"
EndProject
Global
	GlobalSection(SolutionConfigurationPlatforms) = preSolution
		Debug|Any CPU = Debug|Any CPU
		Release|Any CPU = Release|Any CPU
	EndGlobalSection
	GlobalSection(ProjectConfigurationPlatforms) = postSolution
		{C40B3B2A-6DE6-AD0B-4F15-53894F9DD511}.Debug|Any CPU.ActiveCfg = Debug|Any CPU
		{C40B3B2A-6DE6-AD0B-4F15-53894F9DD511}.Debug|Any CPU.Build.0 = Debug|Any CPU
		{C40B3B2A-6DE6-AD0B-4F15-53894F9DD511}.Release|Any CPU.ActiveCfg = Release|Any CPU
		{C40B3B2A-6DE6-AD0B-4F15-53894F9DD511}.Release|Any CPU.Build.0 = Release|Any CPU
		{13912833-38FC-741B-58E5-9330A2E904CB}.Debug|Any CPU.ActiveCfg = Debug|Any CPU
		{13912833-38FC-741B-58E5-9330A2E904CB}.Debug|Any CPU.Build.0 = Debug|Any CPU
		{13912833-38FC-741B-58E5-9330A2E904CB}.Release|Any CPU.ActiveCfg = Release|Any CPU
		{13912833-38FC-741B-58E5-9330A2E904CB}.Release|Any CPU.Build.0 = Release|Any CPU
		{8F781D62-0B65-B3DC-5DB9-3E05536F0582}.Debug|Any CPU.ActiveCfg = Debug|Any CPU
		{8F781D62-0B65-B3DC-5DB9-3E05536F0582}.Debug|Any CPU.Build.0 = Debug|Any CPU
		{8F781D62-0B65-B3DC-5DB9-3E05536F0582}.Release|Any CPU.ActiveCfg = Release|Any CPU
		{8F781D62-0B65-B3DC-5DB9-3E05536F0582}.Release|Any CPU.Build.0 = Release|Any CPU
	EndGlobalSection
	GlobalSection(SolutionProperties) = preSolution
		HideSolutionNode = FALSE
	EndGlobalSection
EndGlobal
